// !$*UTF8*$!
{
	archiveVersion = 1;
	classes = {
	};
	objectVersion = 56;
	objects = {

/* Begin PBXBuildFile section */
		532CDAB22C358C9400149C6D /* FeedItemsMapper.swift in Sources */ = {isa = PBXBuildFile; fileRef = 532CDAB12C358C9400149C6D /* FeedItemsMapper.swift */; };
		532CDAB42C358CBC00149C6D /* HTTPClient.swift in Sources */ = {isa = PBXBuildFile; fileRef = 532CDAB32C358CBC00149C6D /* HTTPClient.swift */; };
		533E2C362C2C3D8500C6D5FC /* RemoteFeedLoader.swift in Sources */ = {isa = PBXBuildFile; fileRef = 533E2C352C2C3D8500C6D5FC /* RemoteFeedLoader.swift */; };
		5384E8302C231C2300E84C41 /* AppDelegate.swift in Sources */ = {isa = PBXBuildFile; fileRef = 5384E82F2C231C2300E84C41 /* AppDelegate.swift */; };
		5384E8322C231C2300E84C41 /* SceneDelegate.swift in Sources */ = {isa = PBXBuildFile; fileRef = 5384E8312C231C2300E84C41 /* SceneDelegate.swift */; };
		5384E8342C231C2300E84C41 /* ViewController.swift in Sources */ = {isa = PBXBuildFile; fileRef = 5384E8332C231C2300E84C41 /* ViewController.swift */; };
		5384E8372C231C2300E84C41 /* Main.storyboard in Resources */ = {isa = PBXBuildFile; fileRef = 5384E8352C231C2300E84C41 /* Main.storyboard */; };
		5384E8392C231C2500E84C41 /* Assets.xcassets in Resources */ = {isa = PBXBuildFile; fileRef = 5384E8382C231C2500E84C41 /* Assets.xcassets */; };
		5384E83C2C231C2500E84C41 /* LaunchScreen.storyboard in Resources */ = {isa = PBXBuildFile; fileRef = 5384E83A2C231C2500E84C41 /* LaunchScreen.storyboard */; };
		5384E8602C231C8500E84C41 /* FeedImage.swift in Sources */ = {isa = PBXBuildFile; fileRef = 5384E85F2C231C8500E84C41 /* FeedImage.swift */; };
		5384E8622C231CA500E84C41 /* FeedLoader.swift in Sources */ = {isa = PBXBuildFile; fileRef = 5384E8612C231CA500E84C41 /* FeedLoader.swift */; };
		5384E8652C23275600E84C41 /* LoadFeedFromRemoteUseCaseTests.swift in Sources */ = {isa = PBXBuildFile; fileRef = 5384E8642C23275600E84C41 /* LoadFeedFromRemoteUseCaseTests.swift */; };
		538B2AC22C88ACCD00193780 /* CacheFeedUseCaseTests.swift in Sources */ = {isa = PBXBuildFile; fileRef = 538B2AC12C88ACCD00193780 /* CacheFeedUseCaseTests.swift */; };
		5390CE842C3ED1B300D168B6 /* URLSessionHTTPClient.swift in Sources */ = {isa = PBXBuildFile; fileRef = 5390CE832C3ED1B300D168B6 /* URLSessionHTTPClient.swift */; };
		5390CE872C3ED20300D168B6 /* XCTestCase+MemoryLeakTracking.swift in Sources */ = {isa = PBXBuildFile; fileRef = 5390CE862C3ED20300D168B6 /* XCTestCase+MemoryLeakTracking.swift */; };
		5390F3C22C91CB3C00C57694 /* FeedStore.swift in Sources */ = {isa = PBXBuildFile; fileRef = 5390F3C12C91CB3C00C57694 /* FeedStore.swift */; };
		5390F3C42C91CB8100C57694 /* LocalFeedLoader.swift in Sources */ = {isa = PBXBuildFile; fileRef = 5390F3C32C91CB8100C57694 /* LocalFeedLoader.swift */; };
		53D80F4D2C5145AA005A55AF /* EssentialFeedAPIEndToEndTests.swift in Sources */ = {isa = PBXBuildFile; fileRef = 53D80F4C2C5145AA005A55AF /* EssentialFeedAPIEndToEndTests.swift */; };
		53D80F532C5145C8005A55AF /* XCTestCase+MemoryLeakTracking.swift in Sources */ = {isa = PBXBuildFile; fileRef = 5390CE862C3ED20300D168B6 /* XCTestCase+MemoryLeakTracking.swift */; };
		53E2C0B92C9E02FF0070B355 /* RemoteFeedItem.swift in Sources */ = {isa = PBXBuildFile; fileRef = 53E2C0B82C9E02FF0070B355 /* RemoteFeedItem.swift */; };
		53E2C0BB2C9E037F0070B355 /* LocalFeedImage.swift in Sources */ = {isa = PBXBuildFile; fileRef = 53E2C0BA2C9E037F0070B355 /* LocalFeedImage.swift */; };
		53FE4A542C3EBD0D005F7DC8 /* URLSessionHTTPClientTests.swift in Sources */ = {isa = PBXBuildFile; fileRef = 53FE4A532C3EBD0D005F7DC8 /* URLSessionHTTPClientTests.swift */; };
/* End PBXBuildFile section */

/* Begin PBXContainerItemProxy section */
		5384E8432C231C2600E84C41 /* PBXContainerItemProxy */ = {
			isa = PBXContainerItemProxy;
			containerPortal = 5384E8242C231C2300E84C41 /* Project object */;
			proxyType = 1;
			remoteGlobalIDString = 5384E82B2C231C2300E84C41;
			remoteInfo = EssentialFeed;
		};
		53D80F4E2C5145AA005A55AF /* PBXContainerItemProxy */ = {
			isa = PBXContainerItemProxy;
			containerPortal = 5384E8242C231C2300E84C41 /* Project object */;
			proxyType = 1;
			remoteGlobalIDString = 5384E82B2C231C2300E84C41;
			remoteInfo = EssentialFeed;
		};
/* End PBXContainerItemProxy section */

/* Begin PBXFileReference section */
		532A46C42C514B81007A2658 /* EssentialFeed.entitlements */ = {isa = PBXFileReference; lastKnownFileType = text.plist.entitlements; path = EssentialFeed.entitlements; sourceTree = "<group>"; };
		532A46C52C514EAD007A2658 /* Info.plist */ = {isa = PBXFileReference; lastKnownFileType = text.plist; path = Info.plist; sourceTree = "<group>"; };
		532CDAB12C358C9400149C6D /* FeedItemsMapper.swift */ = {isa = PBXFileReference; lastKnownFileType = sourcecode.swift; path = FeedItemsMapper.swift; sourceTree = "<group>"; };
		532CDAB32C358CBC00149C6D /* HTTPClient.swift */ = {isa = PBXFileReference; lastKnownFileType = sourcecode.swift; path = HTTPClient.swift; sourceTree = "<group>"; };
		533E2C352C2C3D8500C6D5FC /* RemoteFeedLoader.swift */ = {isa = PBXFileReference; lastKnownFileType = sourcecode.swift; path = RemoteFeedLoader.swift; sourceTree = "<group>"; };
		5384E82C2C231C2300E84C41 /* EssentialFeed.app */ = {isa = PBXFileReference; explicitFileType = wrapper.application; includeInIndex = 0; path = EssentialFeed.app; sourceTree = BUILT_PRODUCTS_DIR; };
		5384E82F2C231C2300E84C41 /* AppDelegate.swift */ = {isa = PBXFileReference; lastKnownFileType = sourcecode.swift; path = AppDelegate.swift; sourceTree = "<group>"; };
		5384E8312C231C2300E84C41 /* SceneDelegate.swift */ = {isa = PBXFileReference; lastKnownFileType = sourcecode.swift; path = SceneDelegate.swift; sourceTree = "<group>"; };
		5384E8332C231C2300E84C41 /* ViewController.swift */ = {isa = PBXFileReference; lastKnownFileType = sourcecode.swift; path = ViewController.swift; sourceTree = "<group>"; };
		5384E8362C231C2300E84C41 /* Base */ = {isa = PBXFileReference; lastKnownFileType = file.storyboard; name = Base; path = Base.lproj/Main.storyboard; sourceTree = "<group>"; };
		5384E8382C231C2500E84C41 /* Assets.xcassets */ = {isa = PBXFileReference; lastKnownFileType = folder.assetcatalog; path = Assets.xcassets; sourceTree = "<group>"; };
		5384E83B2C231C2500E84C41 /* Base */ = {isa = PBXFileReference; lastKnownFileType = file.storyboard; name = Base; path = Base.lproj/LaunchScreen.storyboard; sourceTree = "<group>"; };
		5384E83D2C231C2500E84C41 /* Info.plist */ = {isa = PBXFileReference; lastKnownFileType = text.plist.xml; path = Info.plist; sourceTree = "<group>"; };
		5384E8422C231C2600E84C41 /* EssentialFeedTests.xctest */ = {isa = PBXFileReference; explicitFileType = wrapper.cfbundle; includeInIndex = 0; path = EssentialFeedTests.xctest; sourceTree = BUILT_PRODUCTS_DIR; };
		5384E85F2C231C8500E84C41 /* FeedImage.swift */ = {isa = PBXFileReference; lastKnownFileType = sourcecode.swift; path = FeedImage.swift; sourceTree = "<group>"; };
		5384E8612C231CA500E84C41 /* FeedLoader.swift */ = {isa = PBXFileReference; lastKnownFileType = sourcecode.swift; path = FeedLoader.swift; sourceTree = "<group>"; };
		5384E8642C23275600E84C41 /* LoadFeedFromRemoteUseCaseTests.swift */ = {isa = PBXFileReference; lastKnownFileType = sourcecode.swift; path = LoadFeedFromRemoteUseCaseTests.swift; sourceTree = "<group>"; };
		538B2AC12C88ACCD00193780 /* CacheFeedUseCaseTests.swift */ = {isa = PBXFileReference; lastKnownFileType = sourcecode.swift; path = CacheFeedUseCaseTests.swift; sourceTree = "<group>"; };
		5390CE832C3ED1B300D168B6 /* URLSessionHTTPClient.swift */ = {isa = PBXFileReference; lastKnownFileType = sourcecode.swift; path = URLSessionHTTPClient.swift; sourceTree = "<group>"; };
		5390CE862C3ED20300D168B6 /* XCTestCase+MemoryLeakTracking.swift */ = {isa = PBXFileReference; lastKnownFileType = sourcecode.swift; path = "XCTestCase+MemoryLeakTracking.swift"; sourceTree = "<group>"; };
		5390F3C12C91CB3C00C57694 /* FeedStore.swift */ = {isa = PBXFileReference; lastKnownFileType = sourcecode.swift; path = FeedStore.swift; sourceTree = "<group>"; };
		5390F3C32C91CB8100C57694 /* LocalFeedLoader.swift */ = {isa = PBXFileReference; lastKnownFileType = sourcecode.swift; path = LocalFeedLoader.swift; sourceTree = "<group>"; };
		53D80F4A2C5145AA005A55AF /* EssentialFeedAPIEndToEndTests.xctest */ = {isa = PBXFileReference; explicitFileType = wrapper.cfbundle; includeInIndex = 0; path = EssentialFeedAPIEndToEndTests.xctest; sourceTree = BUILT_PRODUCTS_DIR; };
		53D80F4C2C5145AA005A55AF /* EssentialFeedAPIEndToEndTests.swift */ = {isa = PBXFileReference; lastKnownFileType = sourcecode.swift; path = EssentialFeedAPIEndToEndTests.swift; sourceTree = "<group>"; };
		53E2C0B82C9E02FF0070B355 /* RemoteFeedItem.swift */ = {isa = PBXFileReference; lastKnownFileType = sourcecode.swift; path = RemoteFeedItem.swift; sourceTree = "<group>"; };
		53E2C0BA2C9E037F0070B355 /* LocalFeedImage.swift */ = {isa = PBXFileReference; lastKnownFileType = sourcecode.swift; path = LocalFeedImage.swift; sourceTree = "<group>"; };
		53FE4A532C3EBD0D005F7DC8 /* URLSessionHTTPClientTests.swift */ = {isa = PBXFileReference; lastKnownFileType = sourcecode.swift; path = URLSessionHTTPClientTests.swift; sourceTree = "<group>"; };
/* End PBXFileReference section */

/* Begin PBXFrameworksBuildPhase section */
		5384E8292C231C2300E84C41 /* Frameworks */ = {
			isa = PBXFrameworksBuildPhase;
			buildActionMask = 2147483647;
			files = (
			);
			runOnlyForDeploymentPostprocessing = 0;
		};
		5384E83F2C231C2600E84C41 /* Frameworks */ = {
			isa = PBXFrameworksBuildPhase;
			buildActionMask = 2147483647;
			files = (
			);
			runOnlyForDeploymentPostprocessing = 0;
		};
		53D80F472C5145AA005A55AF /* Frameworks */ = {
			isa = PBXFrameworksBuildPhase;
			buildActionMask = 2147483647;
			files = (
			);
			runOnlyForDeploymentPostprocessing = 0;
		};
/* End PBXFrameworksBuildPhase section */

/* Begin PBXGroup section */
		533E2C342C2C3D7100C6D5FC /* FeedAPI */ = {
			isa = PBXGroup;
			children = (
				533E2C352C2C3D8500C6D5FC /* RemoteFeedLoader.swift */,
				532CDAB12C358C9400149C6D /* FeedItemsMapper.swift */,
				532CDAB32C358CBC00149C6D /* HTTPClient.swift */,
				5390CE832C3ED1B300D168B6 /* URLSessionHTTPClient.swift */,
				53E2C0B82C9E02FF0070B355 /* RemoteFeedItem.swift */,
			);
			path = FeedAPI;
			sourceTree = "<group>";
		};
		5384E8232C231C2300E84C41 = {
			isa = PBXGroup;
			children = (
				5384E82E2C231C2300E84C41 /* EssentialFeed */,
				5384E8452C231C2600E84C41 /* EssentialFeedTests */,
				53D80F4B2C5145AA005A55AF /* EssentialFeedAPIEndToEndTests */,
				5384E82D2C231C2300E84C41 /* Products */,
			);
			sourceTree = "<group>";
		};
		5384E82D2C231C2300E84C41 /* Products */ = {
			isa = PBXGroup;
			children = (
				5384E82C2C231C2300E84C41 /* EssentialFeed.app */,
				5384E8422C231C2600E84C41 /* EssentialFeedTests.xctest */,
				53D80F4A2C5145AA005A55AF /* EssentialFeedAPIEndToEndTests.xctest */,
			);
			name = Products;
			sourceTree = "<group>";
		};
		5384E82E2C231C2300E84C41 /* EssentialFeed */ = {
			isa = PBXGroup;
			children = (
				5390F3C02C91CB2C00C57694 /* FeedCache */,
				532A46C42C514B81007A2658 /* EssentialFeed.entitlements */,
				533E2C342C2C3D7100C6D5FC /* FeedAPI */,
				5384E8632C231DC100E84C41 /* FeedFeature */,
				5384E82F2C231C2300E84C41 /* AppDelegate.swift */,
				5384E8312C231C2300E84C41 /* SceneDelegate.swift */,
				5384E8332C231C2300E84C41 /* ViewController.swift */,
				5384E8352C231C2300E84C41 /* Main.storyboard */,
				5384E8382C231C2500E84C41 /* Assets.xcassets */,
				5384E83A2C231C2500E84C41 /* LaunchScreen.storyboard */,
				5384E83D2C231C2500E84C41 /* Info.plist */,
			);
			path = EssentialFeed;
			sourceTree = "<group>";
		};
		5384E8452C231C2600E84C41 /* EssentialFeedTests */ = {
			isa = PBXGroup;
			children = (
				538B2AC02C88ACAA00193780 /* FeedCache */,
				53FE4A522C3EBCF7005F7DC8 /* FeedAPI */,
			);
			path = EssentialFeedTests;
			sourceTree = "<group>";
		};
		5384E8632C231DC100E84C41 /* FeedFeature */ = {
			isa = PBXGroup;
			children = (
				5384E85F2C231C8500E84C41 /* FeedImage.swift */,
				5384E8612C231CA500E84C41 /* FeedLoader.swift */,
			);
			path = FeedFeature;
			sourceTree = "<group>";
		};
		538B2AC02C88ACAA00193780 /* FeedCache */ = {
			isa = PBXGroup;
			children = (
				538B2AC12C88ACCD00193780 /* CacheFeedUseCaseTests.swift */,
			);
			path = FeedCache;
			sourceTree = "<group>";
		};
		5390CE852C3ED1E100D168B6 /* Helpers */ = {
			isa = PBXGroup;
			children = (
				5390CE862C3ED20300D168B6 /* XCTestCase+MemoryLeakTracking.swift */,
			);
			path = Helpers;
			sourceTree = "<group>";
		};
		5390F3C02C91CB2C00C57694 /* FeedCache */ = {
			isa = PBXGroup;
			children = (
				5390F3C12C91CB3C00C57694 /* FeedStore.swift */,
				5390F3C32C91CB8100C57694 /* LocalFeedLoader.swift */,
				53E2C0BA2C9E037F0070B355 /* LocalFeedImage.swift */,
			);
			path = FeedCache;
			sourceTree = "<group>";
		};
		53D80F4B2C5145AA005A55AF /* EssentialFeedAPIEndToEndTests */ = {
			isa = PBXGroup;
			children = (
				532A46C52C514EAD007A2658 /* Info.plist */,
				53D80F4C2C5145AA005A55AF /* EssentialFeedAPIEndToEndTests.swift */,
			);
			path = EssentialFeedAPIEndToEndTests;
			sourceTree = "<group>";
		};
		53FE4A522C3EBCF7005F7DC8 /* FeedAPI */ = {
			isa = PBXGroup;
			children = (
				5390CE852C3ED1E100D168B6 /* Helpers */,
				5384E8642C23275600E84C41 /* LoadFeedFromRemoteUseCaseTests.swift */,
				53FE4A532C3EBD0D005F7DC8 /* URLSessionHTTPClientTests.swift */,
			);
			path = FeedAPI;
			sourceTree = "<group>";
		};
/* End PBXGroup section */

/* Begin PBXNativeTarget section */
		5384E82B2C231C2300E84C41 /* EssentialFeed */ = {
			isa = PBXNativeTarget;
			buildConfigurationList = 5384E8562C231C2600E84C41 /* Build configuration list for PBXNativeTarget "EssentialFeed" */;
			buildPhases = (
				5384E8282C231C2300E84C41 /* Sources */,
				5384E8292C231C2300E84C41 /* Frameworks */,
				5384E82A2C231C2300E84C41 /* Resources */,
			);
			buildRules = (
			);
			dependencies = (
			);
			name = EssentialFeed;
			productName = EssentialFeed;
			productReference = 5384E82C2C231C2300E84C41 /* EssentialFeed.app */;
			productType = "com.apple.product-type.application";
		};
		5384E8412C231C2600E84C41 /* EssentialFeedTests */ = {
			isa = PBXNativeTarget;
			buildConfigurationList = 5384E8592C231C2600E84C41 /* Build configuration list for PBXNativeTarget "EssentialFeedTests" */;
			buildPhases = (
				5384E83E2C231C2600E84C41 /* Sources */,
				5384E83F2C231C2600E84C41 /* Frameworks */,
				5384E8402C231C2600E84C41 /* Resources */,
			);
			buildRules = (
			);
			dependencies = (
				5384E8442C231C2600E84C41 /* PBXTargetDependency */,
			);
			name = EssentialFeedTests;
			productName = EssentialFeedTests;
			productReference = 5384E8422C231C2600E84C41 /* EssentialFeedTests.xctest */;
			productType = "com.apple.product-type.bundle.unit-test";
		};
		53D80F492C5145AA005A55AF /* EssentialFeedAPIEndToEndTests */ = {
			isa = PBXNativeTarget;
			buildConfigurationList = 53D80F502C5145AA005A55AF /* Build configuration list for PBXNativeTarget "EssentialFeedAPIEndToEndTests" */;
			buildPhases = (
				53D80F462C5145AA005A55AF /* Sources */,
				53D80F472C5145AA005A55AF /* Frameworks */,
				53D80F482C5145AA005A55AF /* Resources */,
			);
			buildRules = (
			);
			dependencies = (
				53D80F4F2C5145AA005A55AF /* PBXTargetDependency */,
			);
			name = EssentialFeedAPIEndToEndTests;
			productName = EssentialFeedAPIEndToEndTests;
			productReference = 53D80F4A2C5145AA005A55AF /* EssentialFeedAPIEndToEndTests.xctest */;
			productType = "com.apple.product-type.bundle.unit-test";
		};
/* End PBXNativeTarget section */

/* Begin PBXProject section */
		5384E8242C231C2300E84C41 /* Project object */ = {
			isa = PBXProject;
			attributes = {
				BuildIndependentTargetsInParallel = 1;
				LastSwiftUpdateCheck = 1520;
				LastUpgradeCheck = 1520;
				TargetAttributes = {
					5384E82B2C231C2300E84C41 = {
						CreatedOnToolsVersion = 15.2;
					};
					5384E8412C231C2600E84C41 = {
						CreatedOnToolsVersion = 15.2;
						TestTargetID = 5384E82B2C231C2300E84C41;
					};
					53D80F492C5145AA005A55AF = {
						CreatedOnToolsVersion = 15.2;
						TestTargetID = 5384E82B2C231C2300E84C41;
					};
				};
			};
			buildConfigurationList = 5384E8272C231C2300E84C41 /* Build configuration list for PBXProject "EssentialFeed" */;
			compatibilityVersion = "Xcode 14.0";
			developmentRegion = en;
			hasScannedForEncodings = 0;
			knownRegions = (
				en,
				Base,
			);
			mainGroup = 5384E8232C231C2300E84C41;
			productRefGroup = 5384E82D2C231C2300E84C41 /* Products */;
			projectDirPath = "";
			projectRoot = "";
			targets = (
				5384E82B2C231C2300E84C41 /* EssentialFeed */,
				5384E8412C231C2600E84C41 /* EssentialFeedTests */,
				53D80F492C5145AA005A55AF /* EssentialFeedAPIEndToEndTests */,
			);
		};
/* End PBXProject section */

/* Begin PBXResourcesBuildPhase section */
		5384E82A2C231C2300E84C41 /* Resources */ = {
			isa = PBXResourcesBuildPhase;
			buildActionMask = 2147483647;
			files = (
				5384E83C2C231C2500E84C41 /* LaunchScreen.storyboard in Resources */,
				5384E8392C231C2500E84C41 /* Assets.xcassets in Resources */,
				5384E8372C231C2300E84C41 /* Main.storyboard in Resources */,
			);
			runOnlyForDeploymentPostprocessing = 0;
		};
		5384E8402C231C2600E84C41 /* Resources */ = {
			isa = PBXResourcesBuildPhase;
			buildActionMask = 2147483647;
			files = (
			);
			runOnlyForDeploymentPostprocessing = 0;
		};
		53D80F482C5145AA005A55AF /* Resources */ = {
			isa = PBXResourcesBuildPhase;
			buildActionMask = 2147483647;
			files = (
			);
			runOnlyForDeploymentPostprocessing = 0;
		};
/* End PBXResourcesBuildPhase section */

/* Begin PBXSourcesBuildPhase section */
		5384E8282C231C2300E84C41 /* Sources */ = {
			isa = PBXSourcesBuildPhase;
			buildActionMask = 2147483647;
			files = (
				5384E8602C231C8500E84C41 /* FeedImage.swift in Sources */,
				5384E8342C231C2300E84C41 /* ViewController.swift in Sources */,
				53E2C0B92C9E02FF0070B355 /* RemoteFeedItem.swift in Sources */,
				532CDAB42C358CBC00149C6D /* HTTPClient.swift in Sources */,
				5384E8302C231C2300E84C41 /* AppDelegate.swift in Sources */,
				532CDAB22C358C9400149C6D /* FeedItemsMapper.swift in Sources */,
				5390F3C22C91CB3C00C57694 /* FeedStore.swift in Sources */,
				53E2C0BB2C9E037F0070B355 /* LocalFeedImage.swift in Sources */,
				5384E8622C231CA500E84C41 /* FeedLoader.swift in Sources */,
				5390F3C42C91CB8100C57694 /* LocalFeedLoader.swift in Sources */,
				533E2C362C2C3D8500C6D5FC /* RemoteFeedLoader.swift in Sources */,
				5384E8322C231C2300E84C41 /* SceneDelegate.swift in Sources */,
				5390CE842C3ED1B300D168B6 /* URLSessionHTTPClient.swift in Sources */,
			);
			runOnlyForDeploymentPostprocessing = 0;
		};
		5384E83E2C231C2600E84C41 /* Sources */ = {
			isa = PBXSourcesBuildPhase;
			buildActionMask = 2147483647;
			files = (
				5384E8652C23275600E84C41 /* LoadFeedFromRemoteUseCaseTests.swift in Sources */,
				53FE4A542C3EBD0D005F7DC8 /* URLSessionHTTPClientTests.swift in Sources */,
				538B2AC22C88ACCD00193780 /* CacheFeedUseCaseTests.swift in Sources */,
				5390CE872C3ED20300D168B6 /* XCTestCase+MemoryLeakTracking.swift in Sources */,
			);
			runOnlyForDeploymentPostprocessing = 0;
		};
		53D80F462C5145AA005A55AF /* Sources */ = {
			isa = PBXSourcesBuildPhase;
			buildActionMask = 2147483647;
			files = (
				53D80F4D2C5145AA005A55AF /* EssentialFeedAPIEndToEndTests.swift in Sources */,
				53D80F532C5145C8005A55AF /* XCTestCase+MemoryLeakTracking.swift in Sources */,
			);
			runOnlyForDeploymentPostprocessing = 0;
		};
/* End PBXSourcesBuildPhase section */

/* Begin PBXTargetDependency section */
		5384E8442C231C2600E84C41 /* PBXTargetDependency */ = {
			isa = PBXTargetDependency;
			target = 5384E82B2C231C2300E84C41 /* EssentialFeed */;
			targetProxy = 5384E8432C231C2600E84C41 /* PBXContainerItemProxy */;
		};
		53D80F4F2C5145AA005A55AF /* PBXTargetDependency */ = {
			isa = PBXTargetDependency;
			target = 5384E82B2C231C2300E84C41 /* EssentialFeed */;
			targetProxy = 53D80F4E2C5145AA005A55AF /* PBXContainerItemProxy */;
		};
/* End PBXTargetDependency section */

/* Begin PBXVariantGroup section */
		5384E8352C231C2300E84C41 /* Main.storyboard */ = {
			isa = PBXVariantGroup;
			children = (
				5384E8362C231C2300E84C41 /* Base */,
			);
			name = Main.storyboard;
			sourceTree = "<group>";
		};
		5384E83A2C231C2500E84C41 /* LaunchScreen.storyboard */ = {
			isa = PBXVariantGroup;
			children = (
				5384E83B2C231C2500E84C41 /* Base */,
			);
			name = LaunchScreen.storyboard;
			sourceTree = "<group>";
		};
/* End PBXVariantGroup section */

/* Begin XCBuildConfiguration section */
		5384E8542C231C2600E84C41 /* Debug */ = {
			isa = XCBuildConfiguration;
			buildSettings = {
				ALWAYS_SEARCH_USER_PATHS = NO;
				ASSETCATALOG_COMPILER_GENERATE_SWIFT_ASSET_SYMBOL_EXTENSIONS = YES;
				CLANG_ANALYZER_NONNULL = YES;
				CLANG_ANALYZER_NUMBER_OBJECT_CONVERSION = YES_AGGRESSIVE;
				CLANG_CXX_LANGUAGE_STANDARD = "gnu++20";
				CLANG_ENABLE_MODULES = YES;
				CLANG_ENABLE_OBJC_ARC = YES;
				CLANG_ENABLE_OBJC_WEAK = YES;
				CLANG_WARN_BLOCK_CAPTURE_AUTORELEASING = YES;
				CLANG_WARN_BOOL_CONVERSION = YES;
				CLANG_WARN_COMMA = YES;
				CLANG_WARN_CONSTANT_CONVERSION = YES;
				CLANG_WARN_DEPRECATED_OBJC_IMPLEMENTATIONS = YES;
				CLANG_WARN_DIRECT_OBJC_ISA_USAGE = YES_ERROR;
				CLANG_WARN_DOCUMENTATION_COMMENTS = YES;
				CLANG_WARN_EMPTY_BODY = YES;
				CLANG_WARN_ENUM_CONVERSION = YES;
				CLANG_WARN_INFINITE_RECURSION = YES;
				CLANG_WARN_INT_CONVERSION = YES;
				CLANG_WARN_NON_LITERAL_NULL_CONVERSION = YES;
				CLANG_WARN_OBJC_IMPLICIT_RETAIN_SELF = YES;
				CLANG_WARN_OBJC_LITERAL_CONVERSION = YES;
				CLANG_WARN_OBJC_ROOT_CLASS = YES_ERROR;
				CLANG_WARN_QUOTED_INCLUDE_IN_FRAMEWORK_HEADER = YES;
				CLANG_WARN_RANGE_LOOP_ANALYSIS = YES;
				CLANG_WARN_STRICT_PROTOTYPES = YES;
				CLANG_WARN_SUSPICIOUS_MOVE = YES;
				CLANG_WARN_UNGUARDED_AVAILABILITY = YES_AGGRESSIVE;
				CLANG_WARN_UNREACHABLE_CODE = YES;
				CLANG_WARN__DUPLICATE_METHOD_MATCH = YES;
				COPY_PHASE_STRIP = NO;
				DEBUG_INFORMATION_FORMAT = dwarf;
				ENABLE_STRICT_OBJC_MSGSEND = YES;
				ENABLE_TESTABILITY = YES;
				ENABLE_USER_SCRIPT_SANDBOXING = YES;
				GCC_C_LANGUAGE_STANDARD = gnu17;
				GCC_DYNAMIC_NO_PIC = NO;
				GCC_NO_COMMON_BLOCKS = YES;
				GCC_OPTIMIZATION_LEVEL = 0;
				GCC_PREPROCESSOR_DEFINITIONS = (
					"DEBUG=1",
					"$(inherited)",
				);
				GCC_WARN_64_TO_32_BIT_CONVERSION = YES;
				GCC_WARN_ABOUT_RETURN_TYPE = YES_ERROR;
				GCC_WARN_UNDECLARED_SELECTOR = YES;
				GCC_WARN_UNINITIALIZED_AUTOS = YES_AGGRESSIVE;
				GCC_WARN_UNUSED_FUNCTION = YES;
				GCC_WARN_UNUSED_VARIABLE = YES;
				IPHONEOS_DEPLOYMENT_TARGET = 17.2;
				LOCALIZATION_PREFERS_STRING_CATALOGS = YES;
				MTL_ENABLE_DEBUG_INFO = INCLUDE_SOURCE;
				MTL_FAST_MATH = YES;
				ONLY_ACTIVE_ARCH = YES;
				SDKROOT = iphoneos;
				SWIFT_ACTIVE_COMPILATION_CONDITIONS = "DEBUG $(inherited)";
				SWIFT_OPTIMIZATION_LEVEL = "-Onone";
			};
			name = Debug;
		};
		5384E8552C231C2600E84C41 /* Release */ = {
			isa = XCBuildConfiguration;
			buildSettings = {
				ALWAYS_SEARCH_USER_PATHS = NO;
				ASSETCATALOG_COMPILER_GENERATE_SWIFT_ASSET_SYMBOL_EXTENSIONS = YES;
				CLANG_ANALYZER_NONNULL = YES;
				CLANG_ANALYZER_NUMBER_OBJECT_CONVERSION = YES_AGGRESSIVE;
				CLANG_CXX_LANGUAGE_STANDARD = "gnu++20";
				CLANG_ENABLE_MODULES = YES;
				CLANG_ENABLE_OBJC_ARC = YES;
				CLANG_ENABLE_OBJC_WEAK = YES;
				CLANG_WARN_BLOCK_CAPTURE_AUTORELEASING = YES;
				CLANG_WARN_BOOL_CONVERSION = YES;
				CLANG_WARN_COMMA = YES;
				CLANG_WARN_CONSTANT_CONVERSION = YES;
				CLANG_WARN_DEPRECATED_OBJC_IMPLEMENTATIONS = YES;
				CLANG_WARN_DIRECT_OBJC_ISA_USAGE = YES_ERROR;
				CLANG_WARN_DOCUMENTATION_COMMENTS = YES;
				CLANG_WARN_EMPTY_BODY = YES;
				CLANG_WARN_ENUM_CONVERSION = YES;
				CLANG_WARN_INFINITE_RECURSION = YES;
				CLANG_WARN_INT_CONVERSION = YES;
				CLANG_WARN_NON_LITERAL_NULL_CONVERSION = YES;
				CLANG_WARN_OBJC_IMPLICIT_RETAIN_SELF = YES;
				CLANG_WARN_OBJC_LITERAL_CONVERSION = YES;
				CLANG_WARN_OBJC_ROOT_CLASS = YES_ERROR;
				CLANG_WARN_QUOTED_INCLUDE_IN_FRAMEWORK_HEADER = YES;
				CLANG_WARN_RANGE_LOOP_ANALYSIS = YES;
				CLANG_WARN_STRICT_PROTOTYPES = YES;
				CLANG_WARN_SUSPICIOUS_MOVE = YES;
				CLANG_WARN_UNGUARDED_AVAILABILITY = YES_AGGRESSIVE;
				CLANG_WARN_UNREACHABLE_CODE = YES;
				CLANG_WARN__DUPLICATE_METHOD_MATCH = YES;
				COPY_PHASE_STRIP = NO;
				DEBUG_INFORMATION_FORMAT = "dwarf-with-dsym";
				ENABLE_NS_ASSERTIONS = NO;
				ENABLE_STRICT_OBJC_MSGSEND = YES;
				ENABLE_USER_SCRIPT_SANDBOXING = YES;
				GCC_C_LANGUAGE_STANDARD = gnu17;
				GCC_NO_COMMON_BLOCKS = YES;
				GCC_WARN_64_TO_32_BIT_CONVERSION = YES;
				GCC_WARN_ABOUT_RETURN_TYPE = YES_ERROR;
				GCC_WARN_UNDECLARED_SELECTOR = YES;
				GCC_WARN_UNINITIALIZED_AUTOS = YES_AGGRESSIVE;
				GCC_WARN_UNUSED_FUNCTION = YES;
				GCC_WARN_UNUSED_VARIABLE = YES;
				IPHONEOS_DEPLOYMENT_TARGET = 17.2;
				LOCALIZATION_PREFERS_STRING_CATALOGS = YES;
				MTL_ENABLE_DEBUG_INFO = NO;
				MTL_FAST_MATH = YES;
				SDKROOT = iphoneos;
				SWIFT_COMPILATION_MODE = wholemodule;
				VALIDATE_PRODUCT = YES;
			};
			name = Release;
		};
		5384E8572C231C2600E84C41 /* Debug */ = {
			isa = XCBuildConfiguration;
			buildSettings = {
				ASSETCATALOG_COMPILER_APPICON_NAME = AppIcon;
				ASSETCATALOG_COMPILER_GLOBAL_ACCENT_COLOR_NAME = AccentColor;
				CODE_SIGN_ENTITLEMENTS = EssentialFeed/EssentialFeed.entitlements;
				CODE_SIGN_STYLE = Automatic;
				CURRENT_PROJECT_VERSION = 1;
				DEVELOPMENT_TEAM = J9FU5BS8Y2;
				GENERATE_INFOPLIST_FILE = YES;
				INFOPLIST_FILE = EssentialFeed/Info.plist;
				INFOPLIST_KEY_UIApplicationSupportsIndirectInputEvents = YES;
				INFOPLIST_KEY_UILaunchStoryboardName = LaunchScreen;
				INFOPLIST_KEY_UIMainStoryboardFile = Main;
				INFOPLIST_KEY_UISupportedInterfaceOrientations_iPad = "UIInterfaceOrientationPortrait UIInterfaceOrientationPortraitUpsideDown UIInterfaceOrientationLandscapeLeft UIInterfaceOrientationLandscapeRight";
				INFOPLIST_KEY_UISupportedInterfaceOrientations_iPhone = "UIInterfaceOrientationPortrait UIInterfaceOrientationLandscapeLeft UIInterfaceOrientationLandscapeRight";
				LD_RUNPATH_SEARCH_PATHS = (
					"$(inherited)",
					"@executable_path/Frameworks",
				);
				MARKETING_VERSION = 1.0;
				PRODUCT_BUNDLE_IDENTIFIER = laridtm.com.github.EssentialFeed;
				PRODUCT_NAME = "$(TARGET_NAME)";
				SUPPORTED_PLATFORMS = "iphoneos iphonesimulator";
				SUPPORTS_MACCATALYST = YES;
				SWIFT_EMIT_LOC_STRINGS = YES;
				SWIFT_VERSION = 5.0;
				TARGETED_DEVICE_FAMILY = "1,2";
			};
			name = Debug;
		};
		5384E8582C231C2600E84C41 /* Release */ = {
			isa = XCBuildConfiguration;
			buildSettings = {
				ASSETCATALOG_COMPILER_APPICON_NAME = AppIcon;
				ASSETCATALOG_COMPILER_GLOBAL_ACCENT_COLOR_NAME = AccentColor;
				CODE_SIGN_ENTITLEMENTS = EssentialFeed/EssentialFeed.entitlements;
				CODE_SIGN_STYLE = Automatic;
				CURRENT_PROJECT_VERSION = 1;
				DEVELOPMENT_TEAM = J9FU5BS8Y2;
				GENERATE_INFOPLIST_FILE = YES;
				INFOPLIST_FILE = EssentialFeed/Info.plist;
				INFOPLIST_KEY_UIApplicationSupportsIndirectInputEvents = YES;
				INFOPLIST_KEY_UILaunchStoryboardName = LaunchScreen;
				INFOPLIST_KEY_UIMainStoryboardFile = Main;
				INFOPLIST_KEY_UISupportedInterfaceOrientations_iPad = "UIInterfaceOrientationPortrait UIInterfaceOrientationPortraitUpsideDown UIInterfaceOrientationLandscapeLeft UIInterfaceOrientationLandscapeRight";
				INFOPLIST_KEY_UISupportedInterfaceOrientations_iPhone = "UIInterfaceOrientationPortrait UIInterfaceOrientationLandscapeLeft UIInterfaceOrientationLandscapeRight";
				LD_RUNPATH_SEARCH_PATHS = (
					"$(inherited)",
					"@executable_path/Frameworks",
				);
				MARKETING_VERSION = 1.0;
				PRODUCT_BUNDLE_IDENTIFIER = laridtm.com.github.EssentialFeed;
				PRODUCT_NAME = "$(TARGET_NAME)";
				SUPPORTED_PLATFORMS = "iphoneos iphonesimulator";
				SUPPORTS_MACCATALYST = YES;
				SWIFT_EMIT_LOC_STRINGS = YES;
				SWIFT_VERSION = 5.0;
				TARGETED_DEVICE_FAMILY = "1,2";
			};
			name = Release;
		};
		5384E85A2C231C2600E84C41 /* Debug */ = {
			isa = XCBuildConfiguration;
			buildSettings = {
				ALWAYS_EMBED_SWIFT_STANDARD_LIBRARIES = YES;
				BUNDLE_LOADER = "$(TEST_HOST)";
				CODE_SIGN_STYLE = Automatic;
				CURRENT_PROJECT_VERSION = 1;
				DEVELOPMENT_TEAM = J9FU5BS8Y2;
				GENERATE_INFOPLIST_FILE = YES;
				IPHONEOS_DEPLOYMENT_TARGET = 17.2;
				MARKETING_VERSION = 1.0;
				PRODUCT_BUNDLE_IDENTIFIER = laridtm.com.github.EssentialFeedTests;
				PRODUCT_NAME = "$(TARGET_NAME)";
				SWIFT_EMIT_LOC_STRINGS = NO;
				SWIFT_VERSION = 5.0;
				TARGETED_DEVICE_FAMILY = "1,2";
				TEST_HOST = "$(BUILT_PRODUCTS_DIR)/EssentialFeed.app/$(BUNDLE_EXECUTABLE_FOLDER_PATH)/EssentialFeed";
			};
			name = Debug;
		};
		5384E85B2C231C2600E84C41 /* Release */ = {
			isa = XCBuildConfiguration;
			buildSettings = {
				ALWAYS_EMBED_SWIFT_STANDARD_LIBRARIES = YES;
				BUNDLE_LOADER = "$(TEST_HOST)";
				CODE_SIGN_STYLE = Automatic;
				CURRENT_PROJECT_VERSION = 1;
				DEVELOPMENT_TEAM = J9FU5BS8Y2;
				GENERATE_INFOPLIST_FILE = YES;
				IPHONEOS_DEPLOYMENT_TARGET = 17.2;
				MARKETING_VERSION = 1.0;
				PRODUCT_BUNDLE_IDENTIFIER = laridtm.com.github.EssentialFeedTests;
				PRODUCT_NAME = "$(TARGET_NAME)";
				SWIFT_EMIT_LOC_STRINGS = NO;
				SWIFT_VERSION = 5.0;
				TARGETED_DEVICE_FAMILY = "1,2";
				TEST_HOST = "$(BUILT_PRODUCTS_DIR)/EssentialFeed.app/$(BUNDLE_EXECUTABLE_FOLDER_PATH)/EssentialFeed";
			};
			name = Release;
		};
		53D80F512C5145AA005A55AF /* Debug */ = {
			isa = XCBuildConfiguration;
			buildSettings = {
				BUNDLE_LOADER = "$(TEST_HOST)";
				CODE_SIGN_STYLE = Automatic;
				CURRENT_PROJECT_VERSION = 1;
				DEVELOPMENT_TEAM = J9FU5BS8Y2;
				GENERATE_INFOPLIST_FILE = YES;
				INFOPLIST_FILE = EssentialFeedAPIEndToEndTests/Info.plist;
				MARKETING_VERSION = 1.0;
				PRODUCT_BUNDLE_IDENTIFIER = laridtm.com.github.EssentialFeedAPIEndToEndTests;
				PRODUCT_NAME = "$(TARGET_NAME)";
				SWIFT_EMIT_LOC_STRINGS = NO;
				SWIFT_VERSION = 5.0;
				TARGETED_DEVICE_FAMILY = "1,2";
				TEST_HOST = "$(BUILT_PRODUCTS_DIR)/EssentialFeed.app/$(BUNDLE_EXECUTABLE_FOLDER_PATH)/EssentialFeed";
			};
			name = Debug;
		};
		53D80F522C5145AA005A55AF /* Release */ = {
			isa = XCBuildConfiguration;
			buildSettings = {
				BUNDLE_LOADER = "$(TEST_HOST)";
				CODE_SIGN_STYLE = Automatic;
				CURRENT_PROJECT_VERSION = 1;
				DEVELOPMENT_TEAM = J9FU5BS8Y2;
				GENERATE_INFOPLIST_FILE = YES;
				INFOPLIST_FILE = EssentialFeedAPIEndToEndTests/Info.plist;
				MARKETING_VERSION = 1.0;
				PRODUCT_BUNDLE_IDENTIFIER = laridtm.com.github.EssentialFeedAPIEndToEndTests;
				PRODUCT_NAME = "$(TARGET_NAME)";
				SWIFT_EMIT_LOC_STRINGS = NO;
				SWIFT_VERSION = 5.0;
				TARGETED_DEVICE_FAMILY = "1,2";
				TEST_HOST = "$(BUILT_PRODUCTS_DIR)/EssentialFeed.app/$(BUNDLE_EXECUTABLE_FOLDER_PATH)/EssentialFeed";
			};
			name = Release;
		};
/* End XCBuildConfiguration section */

/* Begin XCConfigurationList section */
		5384E8272C231C2300E84C41 /* Build configuration list for PBXProject "EssentialFeed" */ = {
			isa = XCConfigurationList;
			buildConfigurations = (
				5384E8542C231C2600E84C41 /* Debug */,
				5384E8552C231C2600E84C41 /* Release */,
			);
			defaultConfigurationIsVisible = 0;
			defaultConfigurationName = Release;
		};
		5384E8562C231C2600E84C41 /* Build configuration list for PBXNativeTarget "EssentialFeed" */ = {
			isa = XCConfigurationList;
			buildConfigurations = (
				5384E8572C231C2600E84C41 /* Debug */,
				5384E8582C231C2600E84C41 /* Release */,
			);
			defaultConfigurationIsVisible = 0;
			defaultConfigurationName = Release;
		};
		5384E8592C231C2600E84C41 /* Build configuration list for PBXNativeTarget "EssentialFeedTests" */ = {
			isa = XCConfigurationList;
			buildConfigurations = (
				5384E85A2C231C2600E84C41 /* Debug */,
				5384E85B2C231C2600E84C41 /* Release */,
			);
			defaultConfigurationIsVisible = 0;
			defaultConfigurationName = Release;
		};
		53D80F502C5145AA005A55AF /* Build configuration list for PBXNativeTarget "EssentialFeedAPIEndToEndTests" */ = {
			isa = XCConfigurationList;
			buildConfigurations = (
				53D80F512C5145AA005A55AF /* Debug */,
				53D80F522C5145AA005A55AF /* Release */,
			);
			defaultConfigurationIsVisible = 0;
			defaultConfigurationName = Release;
		};
/* End XCConfigurationList section */
	};
	rootObject = 5384E8242C231C2300E84C41 /* Project object */;
}
