// !$*UTF8*$!
{
	archiveVersion = 1;
	classes = {
	};
	objectVersion = 56;
	objects = {

/* Begin PBXBuildFile section */
		151BD7042D13770500697AE7 /* EssentialFeed.docc in Sources */ = {isa = PBXBuildFile; fileRef = 151BD7032D13770500697AE7 /* EssentialFeed.docc */; };
		151BD70A2D13770500697AE7 /* EssentialFeed.framework in Frameworks */ = {isa = PBXBuildFile; fileRef = 151BD6FF2D13770500697AE7 /* EssentialFeed.framework */; };
		151BD7102D13770500697AE7 /* EssentialFeed.h in Headers */ = {isa = PBXBuildFile; fileRef = 151BD7022D13770500697AE7 /* EssentialFeed.h */; settings = {ATTRIBUTES = (Public, ); }; };
		151BD7342D13779D00697AE7 /* FeedLoader.swift in Sources */ = {isa = PBXBuildFile; fileRef = 151BD7262D13779D00697AE7 /* FeedLoader.swift */; };
		151BD7352D13779D00697AE7 /* FeedImage.swift in Sources */ = {isa = PBXBuildFile; fileRef = 151BD7272D13779D00697AE7 /* FeedImage.swift */; };
		151BD7362D13779D00697AE7 /* URLSessionHTTPClient.swift in Sources */ = {isa = PBXBuildFile; fileRef = 151BD7292D13779D00697AE7 /* URLSessionHTTPClient.swift */; };
		151BD7372D13779D00697AE7 /* FeedItemsMapper.swift in Sources */ = {isa = PBXBuildFile; fileRef = 151BD72A2D13779D00697AE7 /* FeedItemsMapper.swift */; };
		151BD7382D13779D00697AE7 /* RemoteFeedItem.swift in Sources */ = {isa = PBXBuildFile; fileRef = 151BD72B2D13779D00697AE7 /* RemoteFeedItem.swift */; };
		151BD7392D13779D00697AE7 /* HTTPClient.swift in Sources */ = {isa = PBXBuildFile; fileRef = 151BD72C2D13779D00697AE7 /* HTTPClient.swift */; };
		151BD73A2D13779D00697AE7 /* RemoteFeedLoader.swift in Sources */ = {isa = PBXBuildFile; fileRef = 151BD72D2D13779D00697AE7 /* RemoteFeedLoader.swift */; };
		151BD73B2D13779D00697AE7 /* CodableFeedStore.swift in Sources */ = {isa = PBXBuildFile; fileRef = 151BD72F2D13779D00697AE7 /* CodableFeedStore.swift */; };
		151BD73C2D13779D00697AE7 /* LocalFeedLoader.swift in Sources */ = {isa = PBXBuildFile; fileRef = 151BD7302D13779D00697AE7 /* LocalFeedLoader.swift */; };
		151BD73D2D13779D00697AE7 /* FeedStore.swift in Sources */ = {isa = PBXBuildFile; fileRef = 151BD7312D13779D00697AE7 /* FeedStore.swift */; };
		151BD73E2D13779D00697AE7 /* LocalFeedImage.swift in Sources */ = {isa = PBXBuildFile; fileRef = 151BD7322D13779D00697AE7 /* LocalFeedImage.swift */; };
		151BD73F2D13779D00697AE7 /* FeedCachePolicy.swift in Sources */ = {isa = PBXBuildFile; fileRef = 151BD7332D13779D00697AE7 /* FeedCachePolicy.swift */; };
		151BD74F2D1377B500697AE7 /* ValidateFeedCacheUseCaseTests.swift in Sources */ = {isa = PBXBuildFile; fileRef = 151BD7412D1377B500697AE7 /* ValidateFeedCacheUseCaseTests.swift */; };
		151BD7502D1377B500697AE7 /* CacheFeedUseCaseTests.swift in Sources */ = {isa = PBXBuildFile; fileRef = 151BD7422D1377B500697AE7 /* CacheFeedUseCaseTests.swift */; };
		151BD7512D1377B500697AE7 /* CodableFeedStoreTests.swift in Sources */ = {isa = PBXBuildFile; fileRef = 151BD7432D1377B500697AE7 /* CodableFeedStoreTests.swift */; };
		151BD7522D1377B500697AE7 /* LoadFeedFromCacheUseCaseTests.swift in Sources */ = {isa = PBXBuildFile; fileRef = 151BD7442D1377B500697AE7 /* LoadFeedFromCacheUseCaseTests.swift */; };
		151BD7532D1377B500697AE7 /* FeedStoreSpy.swift in Sources */ = {isa = PBXBuildFile; fileRef = 151BD7462D1377B500697AE7 /* FeedStoreSpy.swift */; };
		151BD7542D1377B500697AE7 /* FeedCacheTestHelpers.swift in Sources */ = {isa = PBXBuildFile; fileRef = 151BD7472D1377B500697AE7 /* FeedCacheTestHelpers.swift */; };
		151BD7552D1377B500697AE7 /* SharedTestHelpers.swift in Sources */ = {isa = PBXBuildFile; fileRef = 151BD7492D1377B500697AE7 /* SharedTestHelpers.swift */; };
		151BD7562D1377B500697AE7 /* LoadFeedFromRemoteUseCaseTests.swift in Sources */ = {isa = PBXBuildFile; fileRef = 151BD74B2D1377B500697AE7 /* LoadFeedFromRemoteUseCaseTests.swift */; };
		151BD7572D1377B500697AE7 /* XCTestCase+MemoryLeakTracking.swift in Sources */ = {isa = PBXBuildFile; fileRef = 151BD74D2D1377B500697AE7 /* XCTestCase+MemoryLeakTracking.swift */; };
		151BD7582D1377B500697AE7 /* URLSessionHTTPClientTests.swift in Sources */ = {isa = PBXBuildFile; fileRef = 151BD74E2D1377B500697AE7 /* URLSessionHTTPClientTests.swift */; };
		151BD7612D1377E200697AE7 /* EssentialFeed.framework in Frameworks */ = {isa = PBXBuildFile; fileRef = 151BD6FF2D13770500697AE7 /* EssentialFeed.framework */; };
		151BD7682D1377F100697AE7 /* EssentialFeedAPIEndToEndTests.swift in Sources */ = {isa = PBXBuildFile; fileRef = 151BD7672D1377F100697AE7 /* EssentialFeedAPIEndToEndTests.swift */; };
		151BD7692D13780A00697AE7 /* XCTestCase+MemoryLeakTracking.swift in Sources */ = {isa = PBXBuildFile; fileRef = 151BD74D2D1377B500697AE7 /* XCTestCase+MemoryLeakTracking.swift */; };
/* End PBXBuildFile section */

/* Begin PBXContainerItemProxy section */
		151BD70B2D13770500697AE7 /* PBXContainerItemProxy */ = {
			isa = PBXContainerItemProxy;
			containerPortal = 151BD6F62D13770500697AE7 /* Project object */;
			proxyType = 1;
			remoteGlobalIDString = 151BD6FE2D13770500697AE7;
			remoteInfo = EssentialFeed;
		};
		151BD7622D1377E200697AE7 /* PBXContainerItemProxy */ = {
			isa = PBXContainerItemProxy;
			containerPortal = 151BD6F62D13770500697AE7 /* Project object */;
			proxyType = 1;
			remoteGlobalIDString = 151BD6FE2D13770500697AE7;
			remoteInfo = EssentialFeed;
		};
/* End PBXContainerItemProxy section */

/* Begin PBXFileReference section */
		151BD6FF2D13770500697AE7 /* EssentialFeed.framework */ = {isa = PBXFileReference; explicitFileType = wrapper.framework; includeInIndex = 0; path = EssentialFeed.framework; sourceTree = BUILT_PRODUCTS_DIR; };
		151BD7022D13770500697AE7 /* EssentialFeed.h */ = {isa = PBXFileReference; lastKnownFileType = sourcecode.c.h; path = EssentialFeed.h; sourceTree = "<group>"; };
		151BD7032D13770500697AE7 /* EssentialFeed.docc */ = {isa = PBXFileReference; lastKnownFileType = folder.documentationcatalog; path = EssentialFeed.docc; sourceTree = "<group>"; };
		151BD7092D13770500697AE7 /* EssentialFeedTests.xctest */ = {isa = PBXFileReference; explicitFileType = wrapper.cfbundle; includeInIndex = 0; path = EssentialFeedTests.xctest; sourceTree = BUILT_PRODUCTS_DIR; };
		151BD7262D13779D00697AE7 /* FeedLoader.swift */ = {isa = PBXFileReference; fileEncoding = 4; lastKnownFileType = sourcecode.swift; path = FeedLoader.swift; sourceTree = "<group>"; };
		151BD7272D13779D00697AE7 /* FeedImage.swift */ = {isa = PBXFileReference; fileEncoding = 4; lastKnownFileType = sourcecode.swift; path = FeedImage.swift; sourceTree = "<group>"; };
		151BD7292D13779D00697AE7 /* URLSessionHTTPClient.swift */ = {isa = PBXFileReference; fileEncoding = 4; lastKnownFileType = sourcecode.swift; path = URLSessionHTTPClient.swift; sourceTree = "<group>"; };
		151BD72A2D13779D00697AE7 /* FeedItemsMapper.swift */ = {isa = PBXFileReference; fileEncoding = 4; lastKnownFileType = sourcecode.swift; path = FeedItemsMapper.swift; sourceTree = "<group>"; };
		151BD72B2D13779D00697AE7 /* RemoteFeedItem.swift */ = {isa = PBXFileReference; fileEncoding = 4; lastKnownFileType = sourcecode.swift; path = RemoteFeedItem.swift; sourceTree = "<group>"; };
		151BD72C2D13779D00697AE7 /* HTTPClient.swift */ = {isa = PBXFileReference; fileEncoding = 4; lastKnownFileType = sourcecode.swift; path = HTTPClient.swift; sourceTree = "<group>"; };
		151BD72D2D13779D00697AE7 /* RemoteFeedLoader.swift */ = {isa = PBXFileReference; fileEncoding = 4; lastKnownFileType = sourcecode.swift; path = RemoteFeedLoader.swift; sourceTree = "<group>"; };
		151BD72F2D13779D00697AE7 /* CodableFeedStore.swift */ = {isa = PBXFileReference; fileEncoding = 4; lastKnownFileType = sourcecode.swift; path = CodableFeedStore.swift; sourceTree = "<group>"; };
		151BD7302D13779D00697AE7 /* LocalFeedLoader.swift */ = {isa = PBXFileReference; fileEncoding = 4; lastKnownFileType = sourcecode.swift; path = LocalFeedLoader.swift; sourceTree = "<group>"; };
		151BD7312D13779D00697AE7 /* FeedStore.swift */ = {isa = PBXFileReference; fileEncoding = 4; lastKnownFileType = sourcecode.swift; path = FeedStore.swift; sourceTree = "<group>"; };
		151BD7322D13779D00697AE7 /* LocalFeedImage.swift */ = {isa = PBXFileReference; fileEncoding = 4; lastKnownFileType = sourcecode.swift; path = LocalFeedImage.swift; sourceTree = "<group>"; };
		151BD7332D13779D00697AE7 /* FeedCachePolicy.swift */ = {isa = PBXFileReference; fileEncoding = 4; lastKnownFileType = sourcecode.swift; path = FeedCachePolicy.swift; sourceTree = "<group>"; };
		151BD7412D1377B500697AE7 /* ValidateFeedCacheUseCaseTests.swift */ = {isa = PBXFileReference; fileEncoding = 4; lastKnownFileType = sourcecode.swift; path = ValidateFeedCacheUseCaseTests.swift; sourceTree = "<group>"; };
		151BD7422D1377B500697AE7 /* CacheFeedUseCaseTests.swift */ = {isa = PBXFileReference; fileEncoding = 4; lastKnownFileType = sourcecode.swift; path = CacheFeedUseCaseTests.swift; sourceTree = "<group>"; };
		151BD7432D1377B500697AE7 /* CodableFeedStoreTests.swift */ = {isa = PBXFileReference; fileEncoding = 4; lastKnownFileType = sourcecode.swift; path = CodableFeedStoreTests.swift; sourceTree = "<group>"; };
		151BD7442D1377B500697AE7 /* LoadFeedFromCacheUseCaseTests.swift */ = {isa = PBXFileReference; fileEncoding = 4; lastKnownFileType = sourcecode.swift; path = LoadFeedFromCacheUseCaseTests.swift; sourceTree = "<group>"; };
		151BD7462D1377B500697AE7 /* FeedStoreSpy.swift */ = {isa = PBXFileReference; fileEncoding = 4; lastKnownFileType = sourcecode.swift; path = FeedStoreSpy.swift; sourceTree = "<group>"; };
		151BD7472D1377B500697AE7 /* FeedCacheTestHelpers.swift */ = {isa = PBXFileReference; fileEncoding = 4; lastKnownFileType = sourcecode.swift; path = FeedCacheTestHelpers.swift; sourceTree = "<group>"; };
		151BD7492D1377B500697AE7 /* SharedTestHelpers.swift */ = {isa = PBXFileReference; fileEncoding = 4; lastKnownFileType = sourcecode.swift; path = SharedTestHelpers.swift; sourceTree = "<group>"; };
		151BD74B2D1377B500697AE7 /* LoadFeedFromRemoteUseCaseTests.swift */ = {isa = PBXFileReference; fileEncoding = 4; lastKnownFileType = sourcecode.swift; path = LoadFeedFromRemoteUseCaseTests.swift; sourceTree = "<group>"; };
		151BD74D2D1377B500697AE7 /* XCTestCase+MemoryLeakTracking.swift */ = {isa = PBXFileReference; fileEncoding = 4; lastKnownFileType = sourcecode.swift; path = "XCTestCase+MemoryLeakTracking.swift"; sourceTree = "<group>"; };
		151BD74E2D1377B500697AE7 /* URLSessionHTTPClientTests.swift */ = {isa = PBXFileReference; fileEncoding = 4; lastKnownFileType = sourcecode.swift; path = URLSessionHTTPClientTests.swift; sourceTree = "<group>"; };
		151BD75D2D1377E200697AE7 /* EssentialFeedAPIEndToEndTests.xctest */ = {isa = PBXFileReference; explicitFileType = wrapper.cfbundle; includeInIndex = 0; path = EssentialFeedAPIEndToEndTests.xctest; sourceTree = BUILT_PRODUCTS_DIR; };
		151BD7672D1377F100697AE7 /* EssentialFeedAPIEndToEndTests.swift */ = {isa = PBXFileReference; fileEncoding = 4; lastKnownFileType = sourcecode.swift; name = EssentialFeedAPIEndToEndTests.swift; path = ../../../EssentialFeed/EssentialFeedAPIEndToEndTests/EssentialFeedAPIEndToEndTests.swift; sourceTree = "<group>"; };
/* End PBXFileReference section */

/* Begin PBXFrameworksBuildPhase section */
		151BD6FC2D13770500697AE7 /* Frameworks */ = {
			isa = PBXFrameworksBuildPhase;
			buildActionMask = 2147483647;
			files = (
			);
			runOnlyForDeploymentPostprocessing = 0;
		};
		151BD7062D13770500697AE7 /* Frameworks */ = {
			isa = PBXFrameworksBuildPhase;
			buildActionMask = 2147483647;
			files = (
				151BD70A2D13770500697AE7 /* EssentialFeed.framework in Frameworks */,
			);
			runOnlyForDeploymentPostprocessing = 0;
		};
		151BD75A2D1377E200697AE7 /* Frameworks */ = {
			isa = PBXFrameworksBuildPhase;
			buildActionMask = 2147483647;
			files = (
				151BD7612D1377E200697AE7 /* EssentialFeed.framework in Frameworks */,
			);
			runOnlyForDeploymentPostprocessing = 0;
		};
/* End PBXFrameworksBuildPhase section */

/* Begin PBXGroup section */
		151BD6F52D13770500697AE7 = {
			isa = PBXGroup;
			children = (
				151BD7012D13770500697AE7 /* EssentialFeed */,
				151BD70D2D13770500697AE7 /* EssentialFeedTests */,
				151BD75E2D1377E200697AE7 /* EssentialFeedAPIEndToEndTests */,
				151BD7002D13770500697AE7 /* Products */,
			);
			sourceTree = "<group>";
		};
		151BD7002D13770500697AE7 /* Products */ = {
			isa = PBXGroup;
			children = (
				151BD6FF2D13770500697AE7 /* EssentialFeed.framework */,
				151BD7092D13770500697AE7 /* EssentialFeedTests.xctest */,
				151BD75D2D1377E200697AE7 /* EssentialFeedAPIEndToEndTests.xctest */,
			);
			name = Products;
			sourceTree = "<group>";
		};
		151BD7012D13770500697AE7 /* EssentialFeed */ = {
			isa = PBXGroup;
			children = (
				151BD7282D13779D00697AE7 /* FeedAPI */,
				151BD72E2D13779D00697AE7 /* FeedCache */,
				151BD7252D13779D00697AE7 /* FeedFeature */,
				151BD7022D13770500697AE7 /* EssentialFeed.h */,
				151BD7032D13770500697AE7 /* EssentialFeed.docc */,
			);
			path = EssentialFeed;
			sourceTree = "<group>";
		};
		151BD70D2D13770500697AE7 /* EssentialFeedTests */ = {
			isa = PBXGroup;
			children = (
				151BD74A2D1377B500697AE7 /* FeedAPI */,
				151BD7402D1377B500697AE7 /* FeedCache */,
				151BD7482D1377B500697AE7 /* Helpers */,
			);
			path = EssentialFeedTests;
			sourceTree = "<group>";
		};
		151BD7252D13779D00697AE7 /* FeedFeature */ = {
			isa = PBXGroup;
			children = (
				151BD7262D13779D00697AE7 /* FeedLoader.swift */,
				151BD7272D13779D00697AE7 /* FeedImage.swift */,
			);
			path = FeedFeature;
			sourceTree = "<group>";
		};
		151BD7282D13779D00697AE7 /* FeedAPI */ = {
			isa = PBXGroup;
			children = (
				151BD7292D13779D00697AE7 /* URLSessionHTTPClient.swift */,
				151BD72A2D13779D00697AE7 /* FeedItemsMapper.swift */,
				151BD72B2D13779D00697AE7 /* RemoteFeedItem.swift */,
				151BD72C2D13779D00697AE7 /* HTTPClient.swift */,
				151BD72D2D13779D00697AE7 /* RemoteFeedLoader.swift */,
			);
			path = FeedAPI;
			sourceTree = "<group>";
		};
		151BD72E2D13779D00697AE7 /* FeedCache */ = {
			isa = PBXGroup;
			children = (
				151BD72F2D13779D00697AE7 /* CodableFeedStore.swift */,
				151BD7302D13779D00697AE7 /* LocalFeedLoader.swift */,
				151BD7312D13779D00697AE7 /* FeedStore.swift */,
				151BD7322D13779D00697AE7 /* LocalFeedImage.swift */,
				151BD7332D13779D00697AE7 /* FeedCachePolicy.swift */,
			);
			path = FeedCache;
			sourceTree = "<group>";
		};
		151BD7402D1377B500697AE7 /* FeedCache */ = {
			isa = PBXGroup;
			children = (
				151BD7412D1377B500697AE7 /* ValidateFeedCacheUseCaseTests.swift */,
				151BD7422D1377B500697AE7 /* CacheFeedUseCaseTests.swift */,
				151BD7432D1377B500697AE7 /* CodableFeedStoreTests.swift */,
				151BD7442D1377B500697AE7 /* LoadFeedFromCacheUseCaseTests.swift */,
				151BD7452D1377B500697AE7 /* Helpers */,
			);
			path = FeedCache;
			sourceTree = "<group>";
		};
		151BD7452D1377B500697AE7 /* Helpers */ = {
			isa = PBXGroup;
			children = (
				151BD7462D1377B500697AE7 /* FeedStoreSpy.swift */,
				151BD7472D1377B500697AE7 /* FeedCacheTestHelpers.swift */,
			);
			path = Helpers;
			sourceTree = "<group>";
		};
		151BD7482D1377B500697AE7 /* Helpers */ = {
			isa = PBXGroup;
			children = (
				151BD7492D1377B500697AE7 /* SharedTestHelpers.swift */,
			);
			path = Helpers;
			sourceTree = "<group>";
		};
		151BD74A2D1377B500697AE7 /* FeedAPI */ = {
			isa = PBXGroup;
			children = (
				151BD74B2D1377B500697AE7 /* LoadFeedFromRemoteUseCaseTests.swift */,
				151BD74C2D1377B500697AE7 /* Helpers */,
				151BD74E2D1377B500697AE7 /* URLSessionHTTPClientTests.swift */,
			);
			path = FeedAPI;
			sourceTree = "<group>";
		};
		151BD74C2D1377B500697AE7 /* Helpers */ = {
			isa = PBXGroup;
			children = (
				151BD74D2D1377B500697AE7 /* XCTestCase+MemoryLeakTracking.swift */,
			);
			path = Helpers;
			sourceTree = "<group>";
		};
		151BD75E2D1377E200697AE7 /* EssentialFeedAPIEndToEndTests */ = {
			isa = PBXGroup;
			children = (
				151BD7672D1377F100697AE7 /* EssentialFeedAPIEndToEndTests.swift */,
			);
			path = EssentialFeedAPIEndToEndTests;
			sourceTree = "<group>";
		};
/* End PBXGroup section */

/* Begin PBXHeadersBuildPhase section */
		151BD6FA2D13770500697AE7 /* Headers */ = {
			isa = PBXHeadersBuildPhase;
			buildActionMask = 2147483647;
			files = (
				151BD7102D13770500697AE7 /* EssentialFeed.h in Headers */,
			);
			runOnlyForDeploymentPostprocessing = 0;
		};
/* End PBXHeadersBuildPhase section */

/* Begin PBXNativeTarget section */
		151BD6FE2D13770500697AE7 /* EssentialFeed */ = {
			isa = PBXNativeTarget;
			buildConfigurationList = 151BD7132D13770500697AE7 /* Build configuration list for PBXNativeTarget "EssentialFeed" */;
			buildPhases = (
				151BD6FA2D13770500697AE7 /* Headers */,
				151BD6FB2D13770500697AE7 /* Sources */,
				151BD6FC2D13770500697AE7 /* Frameworks */,
				151BD6FD2D13770500697AE7 /* Resources */,
			);
			buildRules = (
			);
			dependencies = (
			);
			name = EssentialFeed;
			productName = EssentialFeed;
			productReference = 151BD6FF2D13770500697AE7 /* EssentialFeed.framework */;
			productType = "com.apple.product-type.framework";
		};
		151BD7082D13770500697AE7 /* EssentialFeedTests */ = {
			isa = PBXNativeTarget;
			buildConfigurationList = 151BD7162D13770500697AE7 /* Build configuration list for PBXNativeTarget "EssentialFeedTests" */;
			buildPhases = (
				151BD7052D13770500697AE7 /* Sources */,
				151BD7062D13770500697AE7 /* Frameworks */,
				151BD7072D13770500697AE7 /* Resources */,
			);
			buildRules = (
			);
			dependencies = (
				151BD70C2D13770500697AE7 /* PBXTargetDependency */,
			);
			name = EssentialFeedTests;
			productName = EssentialFeedTests;
			productReference = 151BD7092D13770500697AE7 /* EssentialFeedTests.xctest */;
			productType = "com.apple.product-type.bundle.unit-test";
		};
		151BD75C2D1377E200697AE7 /* EssentialFeedAPIEndToEndTests */ = {
			isa = PBXNativeTarget;
			buildConfigurationList = 151BD7642D1377E200697AE7 /* Build configuration list for PBXNativeTarget "EssentialFeedAPIEndToEndTests" */;
			buildPhases = (
				151BD7592D1377E200697AE7 /* Sources */,
				151BD75A2D1377E200697AE7 /* Frameworks */,
				151BD75B2D1377E200697AE7 /* Resources */,
			);
			buildRules = (
			);
			dependencies = (
				151BD7632D1377E200697AE7 /* PBXTargetDependency */,
			);
			name = EssentialFeedAPIEndToEndTests;
			productName = EssentialFeedAPIEndToEndTests;
			productReference = 151BD75D2D1377E200697AE7 /* EssentialFeedAPIEndToEndTests.xctest */;
			productType = "com.apple.product-type.bundle.unit-test";
		};
/* End PBXNativeTarget section */

/* Begin PBXProject section */
		151BD6F62D13770500697AE7 /* Project object */ = {
			isa = PBXProject;
			attributes = {
				BuildIndependentTargetsInParallel = 1;
				LastSwiftUpdateCheck = 1520;
				LastUpgradeCheck = 1520;
				TargetAttributes = {
					151BD6FE2D13770500697AE7 = {
						CreatedOnToolsVersion = 15.2;
					};
					151BD7082D13770500697AE7 = {
						CreatedOnToolsVersion = 15.2;
					};
					151BD75C2D1377E200697AE7 = {
						CreatedOnToolsVersion = 15.2;
					};
				};
			};
			buildConfigurationList = 151BD6F92D13770500697AE7 /* Build configuration list for PBXProject "EssentialFeed" */;
			compatibilityVersion = "Xcode 14.0";
			developmentRegion = en;
			hasScannedForEncodings = 0;
			knownRegions = (
				en,
				Base,
			);
			mainGroup = 151BD6F52D13770500697AE7;
			productRefGroup = 151BD7002D13770500697AE7 /* Products */;
			projectDirPath = "";
			projectRoot = "";
			targets = (
				151BD6FE2D13770500697AE7 /* EssentialFeed */,
				151BD7082D13770500697AE7 /* EssentialFeedTests */,
				151BD75C2D1377E200697AE7 /* EssentialFeedAPIEndToEndTests */,
			);
		};
/* End PBXProject section */

/* Begin PBXResourcesBuildPhase section */
		151BD6FD2D13770500697AE7 /* Resources */ = {
			isa = PBXResourcesBuildPhase;
			buildActionMask = 2147483647;
			files = (
			);
			runOnlyForDeploymentPostprocessing = 0;
		};
		151BD7072D13770500697AE7 /* Resources */ = {
			isa = PBXResourcesBuildPhase;
			buildActionMask = 2147483647;
			files = (
			);
			runOnlyForDeploymentPostprocessing = 0;
		};
		151BD75B2D1377E200697AE7 /* Resources */ = {
			isa = PBXResourcesBuildPhase;
			buildActionMask = 2147483647;
			files = (
			);
			runOnlyForDeploymentPostprocessing = 0;
		};
/* End PBXResourcesBuildPhase section */

/* Begin PBXSourcesBuildPhase section */
		151BD6FB2D13770500697AE7 /* Sources */ = {
			isa = PBXSourcesBuildPhase;
			buildActionMask = 2147483647;
			files = (
				151BD73A2D13779D00697AE7 /* RemoteFeedLoader.swift in Sources */,
				151BD73F2D13779D00697AE7 /* FeedCachePolicy.swift in Sources */,
				151BD73D2D13779D00697AE7 /* FeedStore.swift in Sources */,
				151BD7372D13779D00697AE7 /* FeedItemsMapper.swift in Sources */,
				151BD7342D13779D00697AE7 /* FeedLoader.swift in Sources */,
				151BD7382D13779D00697AE7 /* RemoteFeedItem.swift in Sources */,
				151BD73E2D13779D00697AE7 /* LocalFeedImage.swift in Sources */,
				151BD73C2D13779D00697AE7 /* LocalFeedLoader.swift in Sources */,
				151BD7392D13779D00697AE7 /* HTTPClient.swift in Sources */,
				151BD73B2D13779D00697AE7 /* CodableFeedStore.swift in Sources */,
				151BD7042D13770500697AE7 /* EssentialFeed.docc in Sources */,
				151BD7352D13779D00697AE7 /* FeedImage.swift in Sources */,
				151BD7362D13779D00697AE7 /* URLSessionHTTPClient.swift in Sources */,
			);
			runOnlyForDeploymentPostprocessing = 0;
		};
		151BD7052D13770500697AE7 /* Sources */ = {
			isa = PBXSourcesBuildPhase;
			buildActionMask = 2147483647;
			files = (
				151BD7512D1377B500697AE7 /* CodableFeedStoreTests.swift in Sources */,
				151BD7502D1377B500697AE7 /* CacheFeedUseCaseTests.swift in Sources */,
				151BD7572D1377B500697AE7 /* XCTestCase+MemoryLeakTracking.swift in Sources */,
				151BD7552D1377B500697AE7 /* SharedTestHelpers.swift in Sources */,
				151BD7532D1377B500697AE7 /* FeedStoreSpy.swift in Sources */,
				151BD7522D1377B500697AE7 /* LoadFeedFromCacheUseCaseTests.swift in Sources */,
				151BD7542D1377B500697AE7 /* FeedCacheTestHelpers.swift in Sources */,
				151BD7582D1377B500697AE7 /* URLSessionHTTPClientTests.swift in Sources */,
				151BD74F2D1377B500697AE7 /* ValidateFeedCacheUseCaseTests.swift in Sources */,
				151BD7562D1377B500697AE7 /* LoadFeedFromRemoteUseCaseTests.swift in Sources */,
			);
			runOnlyForDeploymentPostprocessing = 0;
		};
		151BD7592D1377E200697AE7 /* Sources */ = {
			isa = PBXSourcesBuildPhase;
			buildActionMask = 2147483647;
			files = (
				151BD7682D1377F100697AE7 /* EssentialFeedAPIEndToEndTests.swift in Sources */,
				151BD7692D13780A00697AE7 /* XCTestCase+MemoryLeakTracking.swift in Sources */,
			);
			runOnlyForDeploymentPostprocessing = 0;
		};
/* End PBXSourcesBuildPhase section */

/* Begin PBXTargetDependency section */
		151BD70C2D13770500697AE7 /* PBXTargetDependency */ = {
			isa = PBXTargetDependency;
			target = 151BD6FE2D13770500697AE7 /* EssentialFeed */;
			targetProxy = 151BD70B2D13770500697AE7 /* PBXContainerItemProxy */;
		};
		151BD7632D1377E200697AE7 /* PBXTargetDependency */ = {
			isa = PBXTargetDependency;
			target = 151BD6FE2D13770500697AE7 /* EssentialFeed */;
			targetProxy = 151BD7622D1377E200697AE7 /* PBXContainerItemProxy */;
		};
/* End PBXTargetDependency section */

/* Begin XCBuildConfiguration section */
		151BD7112D13770500697AE7 /* Debug */ = {
			isa = XCBuildConfiguration;
			buildSettings = {
				ALWAYS_SEARCH_USER_PATHS = NO;
				ASSETCATALOG_COMPILER_GENERATE_SWIFT_ASSET_SYMBOL_EXTENSIONS = YES;
				CLANG_ANALYZER_NONNULL = YES;
				CLANG_ANALYZER_NUMBER_OBJECT_CONVERSION = YES_AGGRESSIVE;
				CLANG_CXX_LANGUAGE_STANDARD = "gnu++20";
				CLANG_ENABLE_MODULES = YES;
				CLANG_ENABLE_OBJC_ARC = YES;
				CLANG_ENABLE_OBJC_WEAK = YES;
				CLANG_WARN_BLOCK_CAPTURE_AUTORELEASING = YES;
				CLANG_WARN_BOOL_CONVERSION = YES;
				CLANG_WARN_COMMA = YES;
				CLANG_WARN_CONSTANT_CONVERSION = YES;
				CLANG_WARN_DEPRECATED_OBJC_IMPLEMENTATIONS = YES;
				CLANG_WARN_DIRECT_OBJC_ISA_USAGE = YES_ERROR;
				CLANG_WARN_DOCUMENTATION_COMMENTS = YES;
				CLANG_WARN_EMPTY_BODY = YES;
				CLANG_WARN_ENUM_CONVERSION = YES;
				CLANG_WARN_INFINITE_RECURSION = YES;
				CLANG_WARN_INT_CONVERSION = YES;
				CLANG_WARN_NON_LITERAL_NULL_CONVERSION = YES;
				CLANG_WARN_OBJC_IMPLICIT_RETAIN_SELF = YES;
				CLANG_WARN_OBJC_LITERAL_CONVERSION = YES;
				CLANG_WARN_OBJC_ROOT_CLASS = YES_ERROR;
				CLANG_WARN_QUOTED_INCLUDE_IN_FRAMEWORK_HEADER = YES;
				CLANG_WARN_RANGE_LOOP_ANALYSIS = YES;
				CLANG_WARN_STRICT_PROTOTYPES = YES;
				CLANG_WARN_SUSPICIOUS_MOVE = YES;
				CLANG_WARN_UNGUARDED_AVAILABILITY = YES_AGGRESSIVE;
				CLANG_WARN_UNREACHABLE_CODE = YES;
				CLANG_WARN__DUPLICATE_METHOD_MATCH = YES;
				COPY_PHASE_STRIP = NO;
				CURRENT_PROJECT_VERSION = 1;
				DEBUG_INFORMATION_FORMAT = dwarf;
				ENABLE_STRICT_OBJC_MSGSEND = YES;
				ENABLE_TESTABILITY = YES;
				ENABLE_USER_SCRIPT_SANDBOXING = YES;
				GCC_C_LANGUAGE_STANDARD = gnu17;
				GCC_DYNAMIC_NO_PIC = NO;
				GCC_NO_COMMON_BLOCKS = YES;
				GCC_OPTIMIZATION_LEVEL = 0;
				GCC_PREPROCESSOR_DEFINITIONS = (
					"DEBUG=1",
					"$(inherited)",
				);
				GCC_WARN_64_TO_32_BIT_CONVERSION = YES;
				GCC_WARN_ABOUT_RETURN_TYPE = YES_ERROR;
				GCC_WARN_UNDECLARED_SELECTOR = YES;
				GCC_WARN_UNINITIALIZED_AUTOS = YES_AGGRESSIVE;
				GCC_WARN_UNUSED_FUNCTION = YES;
				GCC_WARN_UNUSED_VARIABLE = YES;
				LOCALIZATION_PREFERS_STRING_CATALOGS = YES;
				MACOSX_DEPLOYMENT_TARGET = 14.2;
				MTL_ENABLE_DEBUG_INFO = INCLUDE_SOURCE;
				MTL_FAST_MATH = YES;
				ONLY_ACTIVE_ARCH = YES;
				SDKROOT = macosx;
				SWIFT_ACTIVE_COMPILATION_CONDITIONS = "DEBUG $(inherited)";
				SWIFT_OPTIMIZATION_LEVEL = "-Onone";
				VERSIONING_SYSTEM = "apple-generic";
				VERSION_INFO_PREFIX = "";
			};
			name = Debug;
		};
		151BD7122D13770500697AE7 /* Release */ = {
			isa = XCBuildConfiguration;
			buildSettings = {
				ALWAYS_SEARCH_USER_PATHS = NO;
				ASSETCATALOG_COMPILER_GENERATE_SWIFT_ASSET_SYMBOL_EXTENSIONS = YES;
				CLANG_ANALYZER_NONNULL = YES;
				CLANG_ANALYZER_NUMBER_OBJECT_CONVERSION = YES_AGGRESSIVE;
				CLANG_CXX_LANGUAGE_STANDARD = "gnu++20";
				CLANG_ENABLE_MODULES = YES;
				CLANG_ENABLE_OBJC_ARC = YES;
				CLANG_ENABLE_OBJC_WEAK = YES;
				CLANG_WARN_BLOCK_CAPTURE_AUTORELEASING = YES;
				CLANG_WARN_BOOL_CONVERSION = YES;
				CLANG_WARN_COMMA = YES;
				CLANG_WARN_CONSTANT_CONVERSION = YES;
				CLANG_WARN_DEPRECATED_OBJC_IMPLEMENTATIONS = YES;
				CLANG_WARN_DIRECT_OBJC_ISA_USAGE = YES_ERROR;
				CLANG_WARN_DOCUMENTATION_COMMENTS = YES;
				CLANG_WARN_EMPTY_BODY = YES;
				CLANG_WARN_ENUM_CONVERSION = YES;
				CLANG_WARN_INFINITE_RECURSION = YES;
				CLANG_WARN_INT_CONVERSION = YES;
				CLANG_WARN_NON_LITERAL_NULL_CONVERSION = YES;
				CLANG_WARN_OBJC_IMPLICIT_RETAIN_SELF = YES;
				CLANG_WARN_OBJC_LITERAL_CONVERSION = YES;
				CLANG_WARN_OBJC_ROOT_CLASS = YES_ERROR;
				CLANG_WARN_QUOTED_INCLUDE_IN_FRAMEWORK_HEADER = YES;
				CLANG_WARN_RANGE_LOOP_ANALYSIS = YES;
				CLANG_WARN_STRICT_PROTOTYPES = YES;
				CLANG_WARN_SUSPICIOUS_MOVE = YES;
				CLANG_WARN_UNGUARDED_AVAILABILITY = YES_AGGRESSIVE;
				CLANG_WARN_UNREACHABLE_CODE = YES;
				CLANG_WARN__DUPLICATE_METHOD_MATCH = YES;
				COPY_PHASE_STRIP = NO;
				CURRENT_PROJECT_VERSION = 1;
				DEBUG_INFORMATION_FORMAT = "dwarf-with-dsym";
				ENABLE_NS_ASSERTIONS = NO;
				ENABLE_STRICT_OBJC_MSGSEND = YES;
				ENABLE_USER_SCRIPT_SANDBOXING = YES;
				GCC_C_LANGUAGE_STANDARD = gnu17;
				GCC_NO_COMMON_BLOCKS = YES;
				GCC_WARN_64_TO_32_BIT_CONVERSION = YES;
				GCC_WARN_ABOUT_RETURN_TYPE = YES_ERROR;
				GCC_WARN_UNDECLARED_SELECTOR = YES;
				GCC_WARN_UNINITIALIZED_AUTOS = YES_AGGRESSIVE;
				GCC_WARN_UNUSED_FUNCTION = YES;
				GCC_WARN_UNUSED_VARIABLE = YES;
				LOCALIZATION_PREFERS_STRING_CATALOGS = YES;
				MACOSX_DEPLOYMENT_TARGET = 14.2;
				MTL_ENABLE_DEBUG_INFO = NO;
				MTL_FAST_MATH = YES;
				SDKROOT = macosx;
				SWIFT_COMPILATION_MODE = wholemodule;
				VERSIONING_SYSTEM = "apple-generic";
				VERSION_INFO_PREFIX = "";
			};
			name = Release;
		};
		151BD7142D13770500697AE7 /* Debug */ = {
			isa = XCBuildConfiguration;
			buildSettings = {
				CODE_SIGN_STYLE = Automatic;
				COMBINE_HIDPI_IMAGES = YES;
				CURRENT_PROJECT_VERSION = 1;
				DEFINES_MODULE = YES;
				DYLIB_COMPATIBILITY_VERSION = 1;
				DYLIB_CURRENT_VERSION = 1;
				DYLIB_INSTALL_NAME_BASE = "@rpath";
				ENABLE_MODULE_VERIFIER = YES;
				GENERATE_INFOPLIST_FILE = YES;
				INFOPLIST_KEY_NSHumanReadableCopyright = "";
				INSTALL_PATH = "$(LOCAL_LIBRARY_DIR)/Frameworks";
				LD_RUNPATH_SEARCH_PATHS = (
					"$(inherited)",
					"@executable_path/../Frameworks",
					"@loader_path/Frameworks",
				);
				MARKETING_VERSION = 1.0;
				MODULE_VERIFIER_SUPPORTED_LANGUAGES = "objective-c objective-c++";
				MODULE_VERIFIER_SUPPORTED_LANGUAGE_STANDARDS = "gnu17 gnu++20";
				PRODUCT_BUNDLE_IDENTIFIER = laridtm.com.github.EssentialFeed;
				PRODUCT_NAME = "$(TARGET_NAME:c99extidentifier)";
				SKIP_INSTALL = YES;
				SWIFT_EMIT_LOC_STRINGS = YES;
				SWIFT_VERSION = 5.0;
			};
			name = Debug;
		};
		151BD7152D13770500697AE7 /* Release */ = {
			isa = XCBuildConfiguration;
			buildSettings = {
				CODE_SIGN_STYLE = Automatic;
				COMBINE_HIDPI_IMAGES = YES;
				CURRENT_PROJECT_VERSION = 1;
				DEFINES_MODULE = YES;
				DYLIB_COMPATIBILITY_VERSION = 1;
				DYLIB_CURRENT_VERSION = 1;
				DYLIB_INSTALL_NAME_BASE = "@rpath";
				ENABLE_MODULE_VERIFIER = YES;
				GENERATE_INFOPLIST_FILE = YES;
				INFOPLIST_KEY_NSHumanReadableCopyright = "";
				INSTALL_PATH = "$(LOCAL_LIBRARY_DIR)/Frameworks";
				LD_RUNPATH_SEARCH_PATHS = (
					"$(inherited)",
					"@executable_path/../Frameworks",
					"@loader_path/Frameworks",
				);
				MARKETING_VERSION = 1.0;
				MODULE_VERIFIER_SUPPORTED_LANGUAGES = "objective-c objective-c++";
				MODULE_VERIFIER_SUPPORTED_LANGUAGE_STANDARDS = "gnu17 gnu++20";
				PRODUCT_BUNDLE_IDENTIFIER = laridtm.com.github.EssentialFeed;
				PRODUCT_NAME = "$(TARGET_NAME:c99extidentifier)";
				SKIP_INSTALL = YES;
				SWIFT_EMIT_LOC_STRINGS = YES;
				SWIFT_VERSION = 5.0;
			};
			name = Release;
		};
		151BD7172D13770500697AE7 /* Debug */ = {
			isa = XCBuildConfiguration;
			buildSettings = {
				ALWAYS_EMBED_SWIFT_STANDARD_LIBRARIES = YES;
				CODE_SIGN_STYLE = Automatic;
				CURRENT_PROJECT_VERSION = 1;
				GENERATE_INFOPLIST_FILE = YES;
				MARKETING_VERSION = 1.0;
				PRODUCT_BUNDLE_IDENTIFIER = laridtm.com.github.EssentialFeedTests;
				PRODUCT_NAME = "$(TARGET_NAME)";
				SWIFT_EMIT_LOC_STRINGS = NO;
				SWIFT_VERSION = 5.0;
			};
			name = Debug;
		};
		151BD7182D13770500697AE7 /* Release */ = {
			isa = XCBuildConfiguration;
			buildSettings = {
				ALWAYS_EMBED_SWIFT_STANDARD_LIBRARIES = YES;
				CODE_SIGN_STYLE = Automatic;
				CURRENT_PROJECT_VERSION = 1;
				GENERATE_INFOPLIST_FILE = YES;
				MARKETING_VERSION = 1.0;
				PRODUCT_BUNDLE_IDENTIFIER = laridtm.com.github.EssentialFeedTests;
				PRODUCT_NAME = "$(TARGET_NAME)";
				SWIFT_EMIT_LOC_STRINGS = NO;
				SWIFT_VERSION = 5.0;
			};
			name = Release;
		};
		151BD7652D1377E200697AE7 /* Debug */ = {
			isa = XCBuildConfiguration;
			buildSettings = {
				CODE_SIGN_STYLE = Automatic;
				CURRENT_PROJECT_VERSION = 1;
				GENERATE_INFOPLIST_FILE = YES;
				MARKETING_VERSION = 1.0;
				PRODUCT_BUNDLE_IDENTIFIER = laridtm.com.github.EssentialFeedAPIEndToEndTests;
				PRODUCT_NAME = "$(TARGET_NAME)";
				SWIFT_EMIT_LOC_STRINGS = NO;
				SWIFT_VERSION = 5.0;
			};
			name = Debug;
		};
		151BD7662D1377E200697AE7 /* Release */ = {
			isa = XCBuildConfiguration;
			buildSettings = {
				CODE_SIGN_STYLE = Automatic;
				CURRENT_PROJECT_VERSION = 1;
				GENERATE_INFOPLIST_FILE = YES;
				MARKETING_VERSION = 1.0;
				PRODUCT_BUNDLE_IDENTIFIER = laridtm.com.github.EssentialFeedAPIEndToEndTests;
				PRODUCT_NAME = "$(TARGET_NAME)";
				SWIFT_EMIT_LOC_STRINGS = NO;
				SWIFT_VERSION = 5.0;
			};
			name = Release;
		};
/* End XCBuildConfiguration section */

/* Begin XCConfigurationList section */
		151BD6F92D13770500697AE7 /* Build configuration list for PBXProject "EssentialFeed" */ = {
			isa = XCConfigurationList;
			buildConfigurations = (
				151BD7112D13770500697AE7 /* Debug */,
				151BD7122D13770500697AE7 /* Release */,
			);
			defaultConfigurationIsVisible = 0;
			defaultConfigurationName = Release;
		};
		151BD7132D13770500697AE7 /* Build configuration list for PBXNativeTarget "EssentialFeed" */ = {
			isa = XCConfigurationList;
			buildConfigurations = (
				151BD7142D13770500697AE7 /* Debug */,
				151BD7152D13770500697AE7 /* Release */,
			);
			defaultConfigurationIsVisible = 0;
			defaultConfigurationName = Release;
		};
		151BD7162D13770500697AE7 /* Build configuration list for PBXNativeTarget "EssentialFeedTests" */ = {
			isa = XCConfigurationList;
			buildConfigurations = (
				151BD7172D13770500697AE7 /* Debug */,
				151BD7182D13770500697AE7 /* Release */,
			);
			defaultConfigurationIsVisible = 0;
			defaultConfigurationName = Release;
		};
		151BD7642D1377E200697AE7 /* Build configuration list for PBXNativeTarget "EssentialFeedAPIEndToEndTests" */ = {
			isa = XCConfigurationList;
			buildConfigurations = (
				151BD7652D1377E200697AE7 /* Debug */,
				151BD7662D1377E200697AE7 /* Release */,
			);
			defaultConfigurationIsVisible = 0;
			defaultConfigurationName = Release;
		};
/* End XCConfigurationList section */
	};
	rootObject = 151BD6F62D13770500697AE7 /* Project object */;
}
